
Microsoft Visual Studio Solution File, Format Version 12.00
# Visual Studio Version 16
VisualStudioVersion = 16.6.30114.105
MinimumVisualStudioVersion = 10.0.40219.1
Project("{9A19103F-16F7-4668-BE54-9A1E7A4F7556}") = "ContosoRestApiSample", "ContosoRestApiSample\ContosoRestApiSample.csproj", "{872F0F4C-4A86-4222-8C16-4FDA7362926B}"
EndProject
Project("{9A19103F-16F7-4668-BE54-9A1E7A4F7556}") = "BrickLink.Adapter", "ContosoRest.Adapter\BrickLink.Adapter.csproj", "{F0CF4A70-8A73-4DF6-9C65-426A593F1588}"
EndProject
Project("{9A19103F-16F7-4668-BE54-9A1E7A4F7556}") = "ContosoRest.Database", "ContosoRest.Database\ContosoRest.Database.csproj", "{C4256908-4C25-408C-87F1-92A5CA31CD44}"
EndProject
Project("{9A19103F-16F7-4668-BE54-9A1E7A4F7556}") = "ContosoRest.Interfaces", "ContosoRest.Interfaces\ContosoRest.Interfaces.csproj", "{3D188487-C2CE-480C-AF13-3BEF2F8DC45B}"
EndProject
Project("{9A19103F-16F7-4668-BE54-9A1E7A4F7556}") = "ContosoRest.Models", "ContosoRest.Models\ContosoRest.Models.csproj", "{561CB9A2-B304-4007-B4F3-9DA20FB9699F}"
EndProject
Project("{9A19103F-16F7-4668-BE54-9A1E7A4F7556}") = "ContosoRest.Repository", "ContosoRest.Repository\ContosoRest.Repository.csproj", "{C6BF0F04-B580-409B-B3DD-3206487F1307}"
EndProject
Project("{9A19103F-16F7-4668-BE54-9A1E7A4F7556}") = "ContosoRest.Service", "ContosoRest.Service\ContosoRest.Service.csproj", "{027F6746-D8AF-4A1F-A8A0-944B392CE37D}"
EndProject
Project("{9A19103F-16F7-4668-BE54-9A1E7A4F7556}") = "Extensions", "Extensions\Extensions.csproj", "{40F70CCD-8E05-4035-83DA-0D47FA0CD588}"
EndProject
Project("{9A19103F-16F7-4668-BE54-9A1E7A4F7556}") = "Extensions.Tests", "Extensions.Tests\Extensions.Tests.csproj", "{C1CB155D-CC1C-411F-897F-A268DC274AD4}"
EndProject
Global
	GlobalSection(SolutionConfigurationPlatforms) = preSolution
		Debug|Any CPU = Debug|Any CPU
		Debug|x64 = Debug|x64
		Debug|x86 = Debug|x86
		Release|Any CPU = Release|Any CPU
		Release|x64 = Release|x64
		Release|x86 = Release|x86
	EndGlobalSection
	GlobalSection(ProjectConfigurationPlatforms) = postSolution
		{872F0F4C-4A86-4222-8C16-4FDA7362926B}.Debug|Any CPU.ActiveCfg = Debug|Any CPU
		{872F0F4C-4A86-4222-8C16-4FDA7362926B}.Debug|Any CPU.Build.0 = Debug|Any CPU
		{872F0F4C-4A86-4222-8C16-4FDA7362926B}.Debug|x64.ActiveCfg = Debug|Any CPU
		{872F0F4C-4A86-4222-8C16-4FDA7362926B}.Debug|x64.Build.0 = Debug|Any CPU
		{872F0F4C-4A86-4222-8C16-4FDA7362926B}.Debug|x86.ActiveCfg = Debug|Any CPU
		{872F0F4C-4A86-4222-8C16-4FDA7362926B}.Debug|x86.Build.0 = Debug|Any CPU
		{872F0F4C-4A86-4222-8C16-4FDA7362926B}.Release|Any CPU.ActiveCfg = Release|Any CPU
		{872F0F4C-4A86-4222-8C16-4FDA7362926B}.Release|Any CPU.Build.0 = Release|Any CPU
		{872F0F4C-4A86-4222-8C16-4FDA7362926B}.Release|x64.ActiveCfg = Release|Any CPU
		{872F0F4C-4A86-4222-8C16-4FDA7362926B}.Release|x64.Build.0 = Release|Any CPU
		{872F0F4C-4A86-4222-8C16-4FDA7362926B}.Release|x86.ActiveCfg = Release|Any CPU
		{872F0F4C-4A86-4222-8C16-4FDA7362926B}.Release|x86.Build.0 = Release|Any CPU
		{F0CF4A70-8A73-4DF6-9C65-426A593F1588}.Debug|Any CPU.ActiveCfg = Debug|Any CPU
		{F0CF4A70-8A73-4DF6-9C65-426A593F1588}.Debug|Any CPU.Build.0 = Debug|Any CPU
		{F0CF4A70-8A73-4DF6-9C65-426A593F1588}.Debug|x64.ActiveCfg = Debug|Any CPU
		{F0CF4A70-8A73-4DF6-9C65-426A593F1588}.Debug|x64.Build.0 = Debug|Any CPU
		{F0CF4A70-8A73-4DF6-9C65-426A593F1588}.Debug|x86.ActiveCfg = Debug|Any CPU
		{F0CF4A70-8A73-4DF6-9C65-426A593F1588}.Debug|x86.Build.0 = Debug|Any CPU
		{F0CF4A70-8A73-4DF6-9C65-426A593F1588}.Release|Any CPU.ActiveCfg = Release|Any CPU
		{F0CF4A70-8A73-4DF6-9C65-426A593F1588}.Release|Any CPU.Build.0 = Release|Any CPU
		{F0CF4A70-8A73-4DF6-9C65-426A593F1588}.Release|x64.ActiveCfg = Release|Any CPU
		{F0CF4A70-8A73-4DF6-9C65-426A593F1588}.Release|x64.Build.0 = Release|Any CPU
		{F0CF4A70-8A73-4DF6-9C65-426A593F1588}.Release|x86.ActiveCfg = Release|Any CPU
		{F0CF4A70-8A73-4DF6-9C65-426A593F1588}.Release|x86.Build.0 = Release|Any CPU
		{C4256908-4C25-408C-87F1-92A5CA31CD44}.Debug|Any CPU.ActiveCfg = Debug|Any CPU
		{C4256908-4C25-408C-87F1-92A5CA31CD44}.Debug|Any CPU.Build.0 = Debug|Any CPU
		{C4256908-4C25-408C-87F1-92A5CA31CD44}.Debug|x64.ActiveCfg = Debug|Any CPU
		{C4256908-4C25-408C-87F1-92A5CA31CD44}.Debug|x64.Build.0 = Debug|Any CPU
		{C4256908-4C25-408C-87F1-92A5CA31CD44}.Debug|x86.ActiveCfg = Debug|Any CPU
		{C4256908-4C25-408C-87F1-92A5CA31CD44}.Debug|x86.Build.0 = Debug|Any CPU
		{C4256908-4C25-408C-87F1-92A5CA31CD44}.Release|Any CPU.ActiveCfg = Release|Any CPU
		{C4256908-4C25-408C-87F1-92A5CA31CD44}.Release|Any CPU.Build.0 = Release|Any CPU
		{C4256908-4C25-408C-87F1-92A5CA31CD44}.Release|x64.ActiveCfg = Release|Any CPU
		{C4256908-4C25-408C-87F1-92A5CA31CD44}.Release|x64.Build.0 = Release|Any CPU
		{C4256908-4C25-408C-87F1-92A5CA31CD44}.Release|x86.ActiveCfg = Release|Any CPU
		{C4256908-4C25-408C-87F1-92A5CA31CD44}.Release|x86.Build.0 = Release|Any CPU
		{3D188487-C2CE-480C-AF13-3BEF2F8DC45B}.Debug|Any CPU.ActiveCfg = Debug|Any CPU
		{3D188487-C2CE-480C-AF13-3BEF2F8DC45B}.Debug|Any CPU.Build.0 = Debug|Any CPU
		{3D188487-C2CE-480C-AF13-3BEF2F8DC45B}.Debug|x64.ActiveCfg = Debug|Any CPU
		{3D188487-C2CE-480C-AF13-3BEF2F8DC45B}.Debug|x64.Build.0 = Debug|Any CPU
		{3D188487-C2CE-480C-AF13-3BEF2F8DC45B}.Debug|x86.ActiveCfg = Debug|Any CPU
		{3D188487-C2CE-480C-AF13-3BEF2F8DC45B}.Debug|x86.Build.0 = Debug|Any CPU
		{3D188487-C2CE-480C-AF13-3BEF2F8DC45B}.Release|Any CPU.ActiveCfg = Release|Any CPU
		{3D188487-C2CE-480C-AF13-3BEF2F8DC45B}.Release|Any CPU.Build.0 = Release|Any CPU
		{3D188487-C2CE-480C-AF13-3BEF2F8DC45B}.Release|x64.ActiveCfg = Release|Any CPU
		{3D188487-C2CE-480C-AF13-3BEF2F8DC45B}.Release|x64.Build.0 = Release|Any CPU
		{3D188487-C2CE-480C-AF13-3BEF2F8DC45B}.Release|x86.ActiveCfg = Release|Any CPU
		{3D188487-C2CE-480C-AF13-3BEF2F8DC45B}.Release|x86.Build.0 = Release|Any CPU
		{561CB9A2-B304-4007-B4F3-9DA20FB9699F}.Debug|Any CPU.ActiveCfg = Debug|Any CPU
		{561CB9A2-B304-4007-B4F3-9DA20FB9699F}.Debug|Any CPU.Build.0 = Debug|Any CPU
		{561CB9A2-B304-4007-B4F3-9DA20FB9699F}.Debug|x64.ActiveCfg = Debug|Any CPU
		{561CB9A2-B304-4007-B4F3-9DA20FB9699F}.Debug|x64.Build.0 = Debug|Any CPU
		{561CB9A2-B304-4007-B4F3-9DA20FB9699F}.Debug|x86.ActiveCfg = Debug|Any CPU
		{561CB9A2-B304-4007-B4F3-9DA20FB9699F}.Debug|x86.Build.0 = Debug|Any CPU
		{561CB9A2-B304-4007-B4F3-9DA20FB9699F}.Release|Any CPU.ActiveCfg = Release|Any CPU
		{561CB9A2-B304-4007-B4F3-9DA20FB9699F}.Release|Any CPU.Build.0 = Release|Any CPU
		{561CB9A2-B304-4007-B4F3-9DA20FB9699F}.Release|x64.ActiveCfg = Release|Any CPU
		{561CB9A2-B304-4007-B4F3-9DA20FB9699F}.Release|x64.Build.0 = Release|Any CPU
		{561CB9A2-B304-4007-B4F3-9DA20FB9699F}.Release|x86.ActiveCfg = Release|Any CPU
		{561CB9A2-B304-4007-B4F3-9DA20FB9699F}.Release|x86.Build.0 = Release|Any CPU
		{C6BF0F04-B580-409B-B3DD-3206487F1307}.Debug|Any CPU.ActiveCfg = Debug|Any CPU
		{C6BF0F04-B580-409B-B3DD-3206487F1307}.Debug|Any CPU.Build.0 = Debug|Any CPU
		{C6BF0F04-B580-409B-B3DD-3206487F1307}.Debug|x64.ActiveCfg = Debug|Any CPU
		{C6BF0F04-B580-409B-B3DD-3206487F1307}.Debug|x64.Build.0 = Debug|Any CPU
		{C6BF0F04-B580-409B-B3DD-3206487F1307}.Debug|x86.ActiveCfg = Debug|Any CPU
		{C6BF0F04-B580-409B-B3DD-3206487F1307}.Debug|x86.Build.0 = Debug|Any CPU
		{C6BF0F04-B580-409B-B3DD-3206487F1307}.Release|Any CPU.ActiveCfg = Release|Any CPU
		{C6BF0F04-B580-409B-B3DD-3206487F1307}.Release|Any CPU.Build.0 = Release|Any CPU
		{C6BF0F04-B580-409B-B3DD-3206487F1307}.Release|x64.ActiveCfg = Release|Any CPU
		{C6BF0F04-B580-409B-B3DD-3206487F1307}.Release|x64.Build.0 = Release|Any CPU
		{C6BF0F04-B580-409B-B3DD-3206487F1307}.Release|x86.ActiveCfg = Release|Any CPU
		{C6BF0F04-B580-409B-B3DD-3206487F1307}.Release|x86.Build.0 = Release|Any CPU
		{027F6746-D8AF-4A1F-A8A0-944B392CE37D}.Debug|Any CPU.ActiveCfg = Debug|Any CPU
		{027F6746-D8AF-4A1F-A8A0-944B392CE37D}.Debug|Any CPU.Build.0 = Debug|Any CPU
		{027F6746-D8AF-4A1F-A8A0-944B392CE37D}.Debug|x64.ActiveCfg = Debug|Any CPU
		{027F6746-D8AF-4A1F-A8A0-944B392CE37D}.Debug|x64.Build.0 = Debug|Any CPU
		{027F6746-D8AF-4A1F-A8A0-944B392CE37D}.Debug|x86.ActiveCfg = Debug|Any CPU
		{027F6746-D8AF-4A1F-A8A0-944B392CE37D}.Debug|x86.Build.0 = Debug|Any CPU
		{027F6746-D8AF-4A1F-A8A0-944B392CE37D}.Release|Any CPU.ActiveCfg = Release|Any CPU
		{027F6746-D8AF-4A1F-A8A0-944B392CE37D}.Release|Any CPU.Build.0 = Release|Any CPU
		{027F6746-D8AF-4A1F-A8A0-944B392CE37D}.Release|x64.ActiveCfg = Release|Any CPU
		{027F6746-D8AF-4A1F-A8A0-944B392CE37D}.Release|x64.Build.0 = Release|Any CPU
		{027F6746-D8AF-4A1F-A8A0-944B392CE37D}.Release|x86.ActiveCfg = Release|Any CPU
		{027F6746-D8AF-4A1F-A8A0-944B392CE37D}.Release|x86.Build.0 = Release|Any CPU
		{40F70CCD-8E05-4035-83DA-0D47FA0CD588}.Debug|Any CPU.ActiveCfg = Debug|Any CPU
		{40F70CCD-8E05-4035-83DA-0D47FA0CD588}.Debug|Any CPU.Build.0 = Debug|Any CPU
		{40F70CCD-8E05-4035-83DA-0D47FA0CD588}.Debug|x64.ActiveCfg = Debug|Any CPU
		{40F70CCD-8E05-4035-83DA-0D47FA0CD588}.Debug|x64.Build.0 = Debug|Any CPU
		{40F70CCD-8E05-4035-83DA-0D47FA0CD588}.Debug|x86.ActiveCfg = Debug|Any CPU
		{40F70CCD-8E05-4035-83DA-0D47FA0CD588}.Debug|x86.Build.0 = Debug|Any CPU
		{40F70CCD-8E05-4035-83DA-0D47FA0CD588}.Release|Any CPU.ActiveCfg = Release|Any CPU
		{40F70CCD-8E05-4035-83DA-0D47FA0CD588}.Release|Any CPU.Build.0 = Release|Any CPU
		{40F70CCD-8E05-4035-83DA-0D47FA0CD588}.Release|x64.ActiveCfg = Release|Any CPU
		{40F70CCD-8E05-4035-83DA-0D47FA0CD588}.Release|x64.Build.0 = Release|Any CPU
		{40F70CCD-8E05-4035-83DA-0D47FA0CD588}.Release|x86.ActiveCfg = Release|Any CPU
		{40F70CCD-8E05-4035-83DA-0D47FA0CD588}.Release|x86.Build.0 = Release|Any CPU
		{C1CB155D-CC1C-411F-897F-A268DC274AD4}.Debug|Any CPU.ActiveCfg = Debug|Any CPU
		{C1CB155D-CC1C-411F-897F-A268DC274AD4}.Debug|Any CPU.Build.0 = Debug|Any CPU
		{C1CB155D-CC1C-411F-897F-A268DC274AD4}.Debug|x64.ActiveCfg = Debug|Any CPU
		{C1CB155D-CC1C-411F-897F-A268DC274AD4}.Debug|x64.Build.0 = Debug|Any CPU
		{C1CB155D-CC1C-411F-897F-A268DC274AD4}.Debug|x86.ActiveCfg = Debug|Any CPU
		{C1CB155D-CC1C-411F-897F-A268DC274AD4}.Debug|x86.Build.0 = Debug|Any CPU
		{C1CB155D-CC1C-411F-897F-A268DC274AD4}.Release|Any CPU.ActiveCfg = Release|Any CPU
		{C1CB155D-CC1C-411F-897F-A268DC274AD4}.Release|Any CPU.Build.0 = Release|Any CPU
		{C1CB155D-CC1C-411F-897F-A268DC274AD4}.Release|x64.ActiveCfg = Release|Any CPU
		{C1CB155D-CC1C-411F-897F-A268DC274AD4}.Release|x64.Build.0 = Release|Any CPU
		{C1CB155D-CC1C-411F-897F-A268DC274AD4}.Release|x86.ActiveCfg = Release|Any CPU
		{C1CB155D-CC1C-411F-897F-A268DC274AD4}.Release|x86.Build.0 = Release|Any CPU
	EndGlobalSection
	GlobalSection(SolutionProperties) = preSolution
		HideSolutionNode = FALSE
	EndGlobalSection
	GlobalSection(ExtensibilityGlobals) = postSolution
		SolutionGuid = {AE7596ED-6F9E-408A-8F40-45DF7A1C4C9A}
	EndGlobalSection
EndGlobal
